
Microsoft Visual Studio Solution File, Format Version 12.00
# Visual Studio 2012
Project("{2150E333-8FDC-42A3-9474-1A3956D46DE8}") = "WCF分布式框架基础概念", "WCF分布式框架基础概念", "{D47C9620-105F-4C16-9BF6-191EB97A991D}"
EndProject
Project("{FAE04EC0-301F-11D3-BF4B-00C04F79EFBC}") = "WCFService", "WCFService\WCFService.csproj", "{FE552B4D-34C7-48DC-8F05-907CB6A57FB3}"
EndProject
Project("{FAE04EC0-301F-11D3-BF4B-00C04F79EFBC}") = "WCFHost", "WCFHost\WCFHost.csproj", "{360ACE41-ED56-4F1E-8AE4-7120601086D9}"
EndProject
Project("{FAE04EC0-301F-11D3-BF4B-00C04F79EFBC}") = "WCFClients", "WCFClients\WCFClients.csproj", "{887878A4-7432-4986-ACF2-7E3A6C6E7C52}"
EndProject
Global
	GlobalSection(SolutionConfigurationPlatforms) = preSolution
		Debug|Any CPU = Debug|Any CPU
		Release|Any CPU = Release|Any CPU
	EndGlobalSection
	GlobalSection(ProjectConfigurationPlatforms) = postSolution
		{FE552B4D-34C7-48DC-8F05-907CB6A57FB3}.Debug|Any CPU.ActiveCfg = Debug|Any CPU
		{FE552B4D-34C7-48DC-8F05-907CB6A57FB3}.Debug|Any CPU.Build.0 = Debug|Any CPU
		{FE552B4D-34C7-48DC-8F05-907CB6A57FB3}.Release|Any CPU.ActiveCfg = Release|Any CPU
		{FE552B4D-34C7-48DC-8F05-907CB6A57FB3}.Release|Any CPU.Build.0 = Release|Any CPU
		{360ACE41-ED56-4F1E-8AE4-7120601086D9}.Debug|Any CPU.ActiveCfg = Debug|Any CPU
		{360ACE41-ED56-4F1E-8AE4-7120601086D9}.Debug|Any CPU.Build.0 = Debug|Any CPU
		{360ACE41-ED56-4F1E-8AE4-7120601086D9}.Release|Any CPU.ActiveCfg = Release|Any CPU
		{360ACE41-ED56-4F1E-8AE4-7120601086D9}.Release|Any CPU.Build.0 = Release|Any CPU
		{887878A4-7432-4986-ACF2-7E3A6C6E7C52}.Debug|Any CPU.ActiveCfg = Debug|Any CPU
		{887878A4-7432-4986-ACF2-7E3A6C6E7C52}.Debug|Any CPU.Build.0 = Debug|Any CPU
		{887878A4-7432-4986-ACF2-7E3A6C6E7C52}.Release|Any CPU.ActiveCfg = Release|Any CPU
		{887878A4-7432-4986-ACF2-7E3A6C6E7C52}.Release|Any CPU.Build.0 = Release|Any CPU
	EndGlobalSection
	GlobalSection(SolutionProperties) = preSolution
		HideSolutionNode = FALSE
	EndGlobalSection
	GlobalSection(NestedProjects) = preSolution
		{FE552B4D-34C7-48DC-8F05-907CB6A57FB3} = {D47C9620-105F-4C16-9BF6-191EB97A991D}
		{360ACE41-ED56-4F1E-8AE4-7120601086D9} = {D47C9620-105F-4C16-9BF6-191EB97A991D}
		{887878A4-7432-4986-ACF2-7E3A6C6E7C52} = {D47C9620-105F-4C16-9BF6-191EB97A991D}
	EndGlobalSection
EndGlobal
