
Microsoft Visual Studio Solution File, Format Version 12.00
# Visual Studio 2012
Project("{2150E333-8FDC-42A3-9474-1A3956D46DE8}") = "WCF分布式框架基础概念", "WCF分布式框架基础概念", "{D47C9620-105F-4C16-9BF6-191EB97A991D}"
EndProject
Project("{FAE04EC0-301F-11D3-BF4B-00C04F79EFBC}") = "WCFService", "WCFService\WCFService.csproj", "{FE552B4D-34C7-48DC-8F05-907CB6A57FB3}"
EndProject
Project("{FAE04EC0-301F-11D3-BF4B-00C04F79EFBC}") = "WCFHost", "WCFHost\WCFHost.csproj", "{360ACE41-ED56-4F1E-8AE4-7120601086D9}"
EndProject
Project("{FAE04EC0-301F-11D3-BF4B-00C04F79EFBC}") = "WCFClients", "WCFClients\WCFClients.csproj", "{887878A4-7432-4986-ACF2-7E3A6C6E7C52}"
EndProject
Project("{2150E333-8FDC-42A3-9474-1A3956D46DE8}") = "WCF开发配置过程", "WCF开发配置过程", "{B1DC99A6-52B4-412F-9186-EAA657CEC4A3}"
EndProject
Project("{FAE04EC0-301F-11D3-BF4B-00C04F79EFBC}") = "WcfServiceLibrary_Demo", "WcfServiceLibrary_Demo\WcfServiceLibrary_Demo.csproj", "{15B3E0D2-6217-493A-A690-158C497F5318}"
EndProject
Project("{FAE04EC0-301F-11D3-BF4B-00C04F79EFBC}") = "ConsoleApplication_Host", "ConsoleApplication_Host\ConsoleApplication_Host.csproj", "{D7EDD5D9-77AF-47EA-9754-0107C78D3234}"
EndProject
Project("{FAE04EC0-301F-11D3-BF4B-00C04F79EFBC}") = "ConsoleApplication_Client", "ConsoleApplication_Client\ConsoleApplication_Client.csproj", "{380BF791-4A64-46B4-8820-F5E62BD56136}"
EndProject
Project("{2150E333-8FDC-42A3-9474-1A3956D46DE8}") = "WCF与AJAX编程", "WCF与AJAX编程", "{781F7920-6EBE-4158-ABAA-E173EF50536C}"
EndProject
Project("{FAE04EC0-301F-11D3-BF4B-00C04F79EFBC}") = "Ajax基础原理", "Ajax基础原理\Ajax基础原理.csproj", "{160E8E43-1F34-416D-B1E8-50D8227AE7FC}"
EndProject
Project("{2150E333-8FDC-42A3-9474-1A3956D46DE8}") = "支持JSON的AJAX-WCF服务", "支持JSON的AJAX-WCF服务", "{156C6349-7CF0-4502-BEE0-BF944268A004}"
EndProject
Project("{2150E333-8FDC-42A3-9474-1A3956D46DE8}") = "WCF的通信模式之请求响应-单工模式", "WCF的通信模式之请求响应-单工模式", "{D61954F1-FFA3-42B2-972D-3B5B913D4DD0}"
EndProject
Project("{FAE04EC0-301F-11D3-BF4B-00C04F79EFBC}") = "WcfMessageMode_Service", "WcfMessageMode_Service\WcfMessageMode_Service.csproj", "{493537A8-A190-4C9A-AB22-B076FC8EEB16}"
EndProject
Project("{FAE04EC0-301F-11D3-BF4B-00C04F79EFBC}") = "WcfMessageMode_Host", "WcfMessageMode_Host\WcfMessageMode_Host.csproj", "{EF81B567-1C23-4B2C-AB81-5FD7CFABD53B}"
EndProject
Project("{FAE04EC0-301F-11D3-BF4B-00C04F79EFBC}") = "WcfMessageMode_Client", "WcfMessageMode_Client\WcfMessageMode_Client.csproj", "{3CCD60F5-D0E0-4219-9065-9D20A5C4B4DD}"
EndProject
Project("{2150E333-8FDC-42A3-9474-1A3956D46DE8}") = "WCF服务契约与操作重载", "WCF服务契约与操作重载", "{38152208-7466-4DE5-AECD-45B2A5602522}"
EndProject
Project("{FAE04EC0-301F-11D3-BF4B-00C04F79EFBC}") = "Wcf.Operation.OverLoad.Service", "Wcf.Operation.OverLoad.Service\Wcf.Operation.OverLoad.Service.csproj", "{C917F4AA-8E2F-443A-9BA2-FE6A900C06AE}"
EndProject
Project("{FAE04EC0-301F-11D3-BF4B-00C04F79EFBC}") = "Wcf.Operation.OverLoad.Host", "Wcf.Operation.OverLoad.Host\Wcf.Operation.OverLoad.Host.csproj", "{A72244ED-8A88-484A-817E-1EAEBF9BF344}"
EndProject
Project("{FAE04EC0-301F-11D3-BF4B-00C04F79EFBC}") = "Wcf.Operation.OverLoad.Client", "Wcf.Operation.OverLoad.Client\Wcf.Operation.OverLoad.Client.csproj", "{9CEEC721-3DF6-4D67-9985-F9831E4FB326}"
EndProject
Project("{2150E333-8FDC-42A3-9474-1A3956D46DE8}") = "WCF数据契约与序列化", "WCF数据契约与序列化", "{091BE551-3133-4BEA-BA6A-0832AFFFC2A5}"
EndProject
Project("{FAE04EC0-301F-11D3-BF4B-00C04F79EFBC}") = "Wcf.DataSerialization.Service", "Wcf.DataSerialization.Service\Wcf.DataSerialization.Service.csproj", "{55A9DB7D-F71E-4666-A433-DD4216386EF8}"
EndProject
Project("{FAE04EC0-301F-11D3-BF4B-00C04F79EFBC}") = "Wcf.DataSerialization.Host", "Wcf.DataSerialization.Host\Wcf.DataSerialization.Host.csproj", "{289E57C2-9044-478E-AC4F-39519864CB04}"
EndProject
Project("{FAE04EC0-301F-11D3-BF4B-00C04F79EFBC}") = "Wcf.DataSerialization.Client", "Wcf.DataSerialization.Client\Wcf.DataSerialization.Client.csproj", "{ECB2906B-4A26-467F-958A-658D0DF9872A}"
EndProject
Global
	GlobalSection(SolutionConfigurationPlatforms) = preSolution
		Debug|Any CPU = Debug|Any CPU
		Release|Any CPU = Release|Any CPU
	EndGlobalSection
	GlobalSection(ProjectConfigurationPlatforms) = postSolution
		{FE552B4D-34C7-48DC-8F05-907CB6A57FB3}.Debug|Any CPU.ActiveCfg = Debug|Any CPU
		{FE552B4D-34C7-48DC-8F05-907CB6A57FB3}.Debug|Any CPU.Build.0 = Debug|Any CPU
		{FE552B4D-34C7-48DC-8F05-907CB6A57FB3}.Release|Any CPU.ActiveCfg = Release|Any CPU
		{FE552B4D-34C7-48DC-8F05-907CB6A57FB3}.Release|Any CPU.Build.0 = Release|Any CPU
		{360ACE41-ED56-4F1E-8AE4-7120601086D9}.Debug|Any CPU.ActiveCfg = Debug|Any CPU
		{360ACE41-ED56-4F1E-8AE4-7120601086D9}.Debug|Any CPU.Build.0 = Debug|Any CPU
		{360ACE41-ED56-4F1E-8AE4-7120601086D9}.Release|Any CPU.ActiveCfg = Release|Any CPU
		{360ACE41-ED56-4F1E-8AE4-7120601086D9}.Release|Any CPU.Build.0 = Release|Any CPU
		{887878A4-7432-4986-ACF2-7E3A6C6E7C52}.Debug|Any CPU.ActiveCfg = Debug|Any CPU
		{887878A4-7432-4986-ACF2-7E3A6C6E7C52}.Debug|Any CPU.Build.0 = Debug|Any CPU
		{887878A4-7432-4986-ACF2-7E3A6C6E7C52}.Release|Any CPU.ActiveCfg = Release|Any CPU
		{887878A4-7432-4986-ACF2-7E3A6C6E7C52}.Release|Any CPU.Build.0 = Release|Any CPU
		{15B3E0D2-6217-493A-A690-158C497F5318}.Debug|Any CPU.ActiveCfg = Debug|Any CPU
		{15B3E0D2-6217-493A-A690-158C497F5318}.Debug|Any CPU.Build.0 = Debug|Any CPU
		{15B3E0D2-6217-493A-A690-158C497F5318}.Release|Any CPU.ActiveCfg = Release|Any CPU
		{15B3E0D2-6217-493A-A690-158C497F5318}.Release|Any CPU.Build.0 = Release|Any CPU
		{D7EDD5D9-77AF-47EA-9754-0107C78D3234}.Debug|Any CPU.ActiveCfg = Debug|Any CPU
		{D7EDD5D9-77AF-47EA-9754-0107C78D3234}.Debug|Any CPU.Build.0 = Debug|Any CPU
		{D7EDD5D9-77AF-47EA-9754-0107C78D3234}.Release|Any CPU.ActiveCfg = Release|Any CPU
		{D7EDD5D9-77AF-47EA-9754-0107C78D3234}.Release|Any CPU.Build.0 = Release|Any CPU
		{380BF791-4A64-46B4-8820-F5E62BD56136}.Debug|Any CPU.ActiveCfg = Debug|Any CPU
		{380BF791-4A64-46B4-8820-F5E62BD56136}.Debug|Any CPU.Build.0 = Debug|Any CPU
		{380BF791-4A64-46B4-8820-F5E62BD56136}.Release|Any CPU.ActiveCfg = Release|Any CPU
		{380BF791-4A64-46B4-8820-F5E62BD56136}.Release|Any CPU.Build.0 = Release|Any CPU
		{160E8E43-1F34-416D-B1E8-50D8227AE7FC}.Debug|Any CPU.ActiveCfg = Debug|Any CPU
		{160E8E43-1F34-416D-B1E8-50D8227AE7FC}.Debug|Any CPU.Build.0 = Debug|Any CPU
		{160E8E43-1F34-416D-B1E8-50D8227AE7FC}.Release|Any CPU.ActiveCfg = Release|Any CPU
		{160E8E43-1F34-416D-B1E8-50D8227AE7FC}.Release|Any CPU.Build.0 = Release|Any CPU
		{493537A8-A190-4C9A-AB22-B076FC8EEB16}.Debug|Any CPU.ActiveCfg = Debug|Any CPU
		{493537A8-A190-4C9A-AB22-B076FC8EEB16}.Debug|Any CPU.Build.0 = Debug|Any CPU
		{493537A8-A190-4C9A-AB22-B076FC8EEB16}.Release|Any CPU.ActiveCfg = Release|Any CPU
		{493537A8-A190-4C9A-AB22-B076FC8EEB16}.Release|Any CPU.Build.0 = Release|Any CPU
		{EF81B567-1C23-4B2C-AB81-5FD7CFABD53B}.Debug|Any CPU.ActiveCfg = Debug|Any CPU
		{EF81B567-1C23-4B2C-AB81-5FD7CFABD53B}.Debug|Any CPU.Build.0 = Debug|Any CPU
		{EF81B567-1C23-4B2C-AB81-5FD7CFABD53B}.Release|Any CPU.ActiveCfg = Release|Any CPU
		{EF81B567-1C23-4B2C-AB81-5FD7CFABD53B}.Release|Any CPU.Build.0 = Release|Any CPU
		{3CCD60F5-D0E0-4219-9065-9D20A5C4B4DD}.Debug|Any CPU.ActiveCfg = Debug|Any CPU
		{3CCD60F5-D0E0-4219-9065-9D20A5C4B4DD}.Debug|Any CPU.Build.0 = Debug|Any CPU
		{3CCD60F5-D0E0-4219-9065-9D20A5C4B4DD}.Release|Any CPU.ActiveCfg = Release|Any CPU
		{3CCD60F5-D0E0-4219-9065-9D20A5C4B4DD}.Release|Any CPU.Build.0 = Release|Any CPU
		{C917F4AA-8E2F-443A-9BA2-FE6A900C06AE}.Debug|Any CPU.ActiveCfg = Debug|Any CPU
		{C917F4AA-8E2F-443A-9BA2-FE6A900C06AE}.Debug|Any CPU.Build.0 = Debug|Any CPU
		{C917F4AA-8E2F-443A-9BA2-FE6A900C06AE}.Release|Any CPU.ActiveCfg = Release|Any CPU
		{C917F4AA-8E2F-443A-9BA2-FE6A900C06AE}.Release|Any CPU.Build.0 = Release|Any CPU
		{A72244ED-8A88-484A-817E-1EAEBF9BF344}.Debug|Any CPU.ActiveCfg = Debug|Any CPU
		{A72244ED-8A88-484A-817E-1EAEBF9BF344}.Debug|Any CPU.Build.0 = Debug|Any CPU
		{A72244ED-8A88-484A-817E-1EAEBF9BF344}.Release|Any CPU.ActiveCfg = Release|Any CPU
		{A72244ED-8A88-484A-817E-1EAEBF9BF344}.Release|Any CPU.Build.0 = Release|Any CPU
		{9CEEC721-3DF6-4D67-9985-F9831E4FB326}.Debug|Any CPU.ActiveCfg = Debug|Any CPU
		{9CEEC721-3DF6-4D67-9985-F9831E4FB326}.Debug|Any CPU.Build.0 = Debug|Any CPU
		{9CEEC721-3DF6-4D67-9985-F9831E4FB326}.Release|Any CPU.ActiveCfg = Release|Any CPU
		{9CEEC721-3DF6-4D67-9985-F9831E4FB326}.Release|Any CPU.Build.0 = Release|Any CPU
		{55A9DB7D-F71E-4666-A433-DD4216386EF8}.Debug|Any CPU.ActiveCfg = Debug|Any CPU
		{55A9DB7D-F71E-4666-A433-DD4216386EF8}.Debug|Any CPU.Build.0 = Debug|Any CPU
		{55A9DB7D-F71E-4666-A433-DD4216386EF8}.Release|Any CPU.ActiveCfg = Release|Any CPU
		{55A9DB7D-F71E-4666-A433-DD4216386EF8}.Release|Any CPU.Build.0 = Release|Any CPU
		{289E57C2-9044-478E-AC4F-39519864CB04}.Debug|Any CPU.ActiveCfg = Debug|Any CPU
		{289E57C2-9044-478E-AC4F-39519864CB04}.Debug|Any CPU.Build.0 = Debug|Any CPU
		{289E57C2-9044-478E-AC4F-39519864CB04}.Release|Any CPU.ActiveCfg = Release|Any CPU
		{289E57C2-9044-478E-AC4F-39519864CB04}.Release|Any CPU.Build.0 = Release|Any CPU
		{ECB2906B-4A26-467F-958A-658D0DF9872A}.Debug|Any CPU.ActiveCfg = Debug|Any CPU
		{ECB2906B-4A26-467F-958A-658D0DF9872A}.Debug|Any CPU.Build.0 = Debug|Any CPU
		{ECB2906B-4A26-467F-958A-658D0DF9872A}.Release|Any CPU.ActiveCfg = Release|Any CPU
		{ECB2906B-4A26-467F-958A-658D0DF9872A}.Release|Any CPU.Build.0 = Release|Any CPU
	EndGlobalSection
	GlobalSection(SolutionProperties) = preSolution
		HideSolutionNode = FALSE
	EndGlobalSection
	GlobalSection(NestedProjects) = preSolution
		{FE552B4D-34C7-48DC-8F05-907CB6A57FB3} = {D47C9620-105F-4C16-9BF6-191EB97A991D}
		{360ACE41-ED56-4F1E-8AE4-7120601086D9} = {D47C9620-105F-4C16-9BF6-191EB97A991D}
		{887878A4-7432-4986-ACF2-7E3A6C6E7C52} = {D47C9620-105F-4C16-9BF6-191EB97A991D}
		{15B3E0D2-6217-493A-A690-158C497F5318} = {B1DC99A6-52B4-412F-9186-EAA657CEC4A3}
		{D7EDD5D9-77AF-47EA-9754-0107C78D3234} = {B1DC99A6-52B4-412F-9186-EAA657CEC4A3}
		{380BF791-4A64-46B4-8820-F5E62BD56136} = {B1DC99A6-52B4-412F-9186-EAA657CEC4A3}
		{160E8E43-1F34-416D-B1E8-50D8227AE7FC} = {781F7920-6EBE-4158-ABAA-E173EF50536C}
		{493537A8-A190-4C9A-AB22-B076FC8EEB16} = {D61954F1-FFA3-42B2-972D-3B5B913D4DD0}
		{EF81B567-1C23-4B2C-AB81-5FD7CFABD53B} = {D61954F1-FFA3-42B2-972D-3B5B913D4DD0}
		{3CCD60F5-D0E0-4219-9065-9D20A5C4B4DD} = {D61954F1-FFA3-42B2-972D-3B5B913D4DD0}
		{C917F4AA-8E2F-443A-9BA2-FE6A900C06AE} = {38152208-7466-4DE5-AECD-45B2A5602522}
		{A72244ED-8A88-484A-817E-1EAEBF9BF344} = {38152208-7466-4DE5-AECD-45B2A5602522}
		{9CEEC721-3DF6-4D67-9985-F9831E4FB326} = {38152208-7466-4DE5-AECD-45B2A5602522}
		{55A9DB7D-F71E-4666-A433-DD4216386EF8} = {091BE551-3133-4BEA-BA6A-0832AFFFC2A5}
		{289E57C2-9044-478E-AC4F-39519864CB04} = {091BE551-3133-4BEA-BA6A-0832AFFFC2A5}
		{ECB2906B-4A26-467F-958A-658D0DF9872A} = {091BE551-3133-4BEA-BA6A-0832AFFFC2A5}
	EndGlobalSection
EndGlobal
