
Microsoft Visual Studio Solution File, Format Version 12.00
# Visual Studio 2012
Project("{2150E333-8FDC-42A3-9474-1A3956D46DE8}") = "WCF分布式框架基础概念", "WCF分布式框架基础概念", "{D47C9620-105F-4C16-9BF6-191EB97A991D}"
EndProject
Project("{FAE04EC0-301F-11D3-BF4B-00C04F79EFBC}") = "WCFService", "WCFService\WCFService.csproj", "{FE552B4D-34C7-48DC-8F05-907CB6A57FB3}"
EndProject
Project("{FAE04EC0-301F-11D3-BF4B-00C04F79EFBC}") = "WCFHost", "WCFHost\WCFHost.csproj", "{360ACE41-ED56-4F1E-8AE4-7120601086D9}"
EndProject
Project("{FAE04EC0-301F-11D3-BF4B-00C04F79EFBC}") = "WCFClients", "WCFClients\WCFClients.csproj", "{887878A4-7432-4986-ACF2-7E3A6C6E7C52}"
EndProject
Project("{2150E333-8FDC-42A3-9474-1A3956D46DE8}") = "WCF开发配置过程", "WCF开发配置过程", "{B1DC99A6-52B4-412F-9186-EAA657CEC4A3}"
EndProject
Project("{FAE04EC0-301F-11D3-BF4B-00C04F79EFBC}") = "WcfServiceLibrary_Demo", "WcfServiceLibrary_Demo\WcfServiceLibrary_Demo.csproj", "{15B3E0D2-6217-493A-A690-158C497F5318}"
EndProject
Project("{FAE04EC0-301F-11D3-BF4B-00C04F79EFBC}") = "ConsoleApplication_Host", "ConsoleApplication_Host\ConsoleApplication_Host.csproj", "{D7EDD5D9-77AF-47EA-9754-0107C78D3234}"
EndProject
Project("{FAE04EC0-301F-11D3-BF4B-00C04F79EFBC}") = "ConsoleApplication_Client", "ConsoleApplication_Client\ConsoleApplication_Client.csproj", "{380BF791-4A64-46B4-8820-F5E62BD56136}"
EndProject
Project("{2150E333-8FDC-42A3-9474-1A3956D46DE8}") = "WCF与AJAX编程", "WCF与AJAX编程", "{781F7920-6EBE-4158-ABAA-E173EF50536C}"
EndProject
Project("{FAE04EC0-301F-11D3-BF4B-00C04F79EFBC}") = "Ajax基础原理", "Ajax基础原理\Ajax基础原理.csproj", "{160E8E43-1F34-416D-B1E8-50D8227AE7FC}"
EndProject
Project("{2150E333-8FDC-42A3-9474-1A3956D46DE8}") = "支持JSON的AJAX-WCF服务", "支持JSON的AJAX-WCF服务", "{156C6349-7CF0-4502-BEE0-BF944268A004}"
EndProject
Project("{2150E333-8FDC-42A3-9474-1A3956D46DE8}") = "WCF的通信模式之请求响应-单工模式", "WCF的通信模式之请求响应-单工模式", "{D61954F1-FFA3-42B2-972D-3B5B913D4DD0}"
EndProject
Project("{FAE04EC0-301F-11D3-BF4B-00C04F79EFBC}") = "WcfMessageMode_Service", "WcfMessageMode_Service\WcfMessageMode_Service.csproj", "{493537A8-A190-4C9A-AB22-B076FC8EEB16}"
EndProject
Project("{FAE04EC0-301F-11D3-BF4B-00C04F79EFBC}") = "WcfMessageMode_Host", "WcfMessageMode_Host\WcfMessageMode_Host.csproj", "{EF81B567-1C23-4B2C-AB81-5FD7CFABD53B}"
EndProject
Project("{FAE04EC0-301F-11D3-BF4B-00C04F79EFBC}") = "WcfMessageMode_Client", "WcfMessageMode_Client\WcfMessageMode_Client.csproj", "{3CCD60F5-D0E0-4219-9065-9D20A5C4B4DD}"
EndProject
Project("{2150E333-8FDC-42A3-9474-1A3956D46DE8}") = "WCF服务契约与操作重载", "WCF服务契约与操作重载", "{38152208-7466-4DE5-AECD-45B2A5602522}"
EndProject
Project("{FAE04EC0-301F-11D3-BF4B-00C04F79EFBC}") = "Wcf.Operation.OverLoad.Service", "Wcf.Operation.OverLoad.Service\Wcf.Operation.OverLoad.Service.csproj", "{C917F4AA-8E2F-443A-9BA2-FE6A900C06AE}"
EndProject
Project("{FAE04EC0-301F-11D3-BF4B-00C04F79EFBC}") = "Wcf.Operation.OverLoad.Host", "Wcf.Operation.OverLoad.Host\Wcf.Operation.OverLoad.Host.csproj", "{A72244ED-8A88-484A-817E-1EAEBF9BF344}"
EndProject
Project("{FAE04EC0-301F-11D3-BF4B-00C04F79EFBC}") = "Wcf.Operation.OverLoad.Client", "Wcf.Operation.OverLoad.Client\Wcf.Operation.OverLoad.Client.csproj", "{9CEEC721-3DF6-4D67-9985-F9831E4FB326}"
EndProject
Project("{2150E333-8FDC-42A3-9474-1A3956D46DE8}") = "WCF数据契约与序列化", "WCF数据契约与序列化", "{091BE551-3133-4BEA-BA6A-0832AFFFC2A5}"
EndProject
Project("{FAE04EC0-301F-11D3-BF4B-00C04F79EFBC}") = "Wcf.DataSerialization.Service", "Wcf.DataSerialization.Service\Wcf.DataSerialization.Service.csproj", "{55A9DB7D-F71E-4666-A433-DD4216386EF8}"
EndProject
Project("{FAE04EC0-301F-11D3-BF4B-00C04F79EFBC}") = "Wcf.DataSerialization.Host", "Wcf.DataSerialization.Host\Wcf.DataSerialization.Host.csproj", "{289E57C2-9044-478E-AC4F-39519864CB04}"
EndProject
Project("{FAE04EC0-301F-11D3-BF4B-00C04F79EFBC}") = "Wcf.DataSerialization.Client", "Wcf.DataSerialization.Client\Wcf.DataSerialization.Client.csproj", "{ECB2906B-4A26-467F-958A-658D0DF9872A}"
EndProject
Project("{2150E333-8FDC-42A3-9474-1A3956D46DE8}") = "WCF使用DataSet-DataTable-Collection传递数据", "WCF使用DataSet-DataTable-Collection传递数据", "{0CD1FB8B-2701-4834-BD7B-7D3F16F1AC7D}"
EndProject
Project("{FAE04EC0-301F-11D3-BF4B-00C04F79EFBC}") = "Wcf.UseDataTable_DataSet_Collection.Service", "Wcf.UseDataTable_DataSet_Collection.Service\Wcf.UseDataTable_DataSet_Collection.Service.csproj", "{71DAFE94-D848-46E0-BFFB-97F6887B4F1E}"
EndProject
Project("{FAE04EC0-301F-11D3-BF4B-00C04F79EFBC}") = "Wcf.UseDataTable_DataSet_Collection.Host", "Wcf.UseDataTable_DataSet_Collection.Host\Wcf.UseDataTable_DataSet_Collection.Host.csproj", "{3F95F64D-F3CD-4A84-82D1-5EACC6C374EF}"
EndProject
Project("{FAE04EC0-301F-11D3-BF4B-00C04F79EFBC}") = "Wcf.UseDataTable_DataSet_Collection.Client", "Wcf.UseDataTable_DataSet_Collection.Client\Wcf.UseDataTable_DataSet_Collection.Client.csproj", "{D1373DD4-3209-43C7-8031-BA28F8CA0384}"
EndProject
Project("{2150E333-8FDC-42A3-9474-1A3956D46DE8}") = "WCF服务实例激活模式", "WCF服务实例激活模式", "{442F5722-666E-4596-BC24-4CBE2848B438}"
EndProject
Project("{FAE04EC0-301F-11D3-BF4B-00C04F79EFBC}") = "Wcf.ServiceContext.Mode.Service", "Wcf.ServiceContext.Mode.Service\Wcf.ServiceContext.Mode.Service.csproj", "{D309BAA9-A9A2-444D-9D07-B7C2ADF248E4}"
EndProject
Project("{FAE04EC0-301F-11D3-BF4B-00C04F79EFBC}") = "Wcf.ServiceContext.Mode.Host", "Wcf.ServiceContext.Mode.Host\Wcf.ServiceContext.Mode.Host.csproj", "{FADFC8E3-11E9-497A-8946-366C5DCAC3A9}"
EndProject
Project("{FAE04EC0-301F-11D3-BF4B-00C04F79EFBC}") = "Wcf.ServiceContext.Mode.Client", "Wcf.ServiceContext.Mode.Client\Wcf.ServiceContext.Mode.Client.csproj", "{6CE5868D-6B67-4469-A0E5-A87B4555D8D1}"
EndProject
Project("{2150E333-8FDC-42A3-9474-1A3956D46DE8}") = "WCF流处理(Streaming)机制", "WCF流处理(Streaming)机制", "{C8479509-2DAE-4332-921F-31AA9B3F9676}"
EndProject
Project("{FAE04EC0-301F-11D3-BF4B-00C04F79EFBC}") = "Wcf.Streaming.Service", "Wcf.Streaming.Service\Wcf.Streaming.Service.csproj", "{FDA152FF-F33D-452D-9E06-BE8F5CB43CF8}"
EndProject
Project("{FAE04EC0-301F-11D3-BF4B-00C04F79EFBC}") = "Wcf.Streaming.host", "Wcf.Streaming.host\Wcf.Streaming.host.csproj", "{52BE46E1-7C90-4D3C-A012-4F5577C75B7B}"
EndProject
Project("{FAE04EC0-301F-11D3-BF4B-00C04F79EFBC}") = "Wcf.Streaming.Client", "Wcf.Streaming.Client\Wcf.Streaming.Client.csproj", "{CD289EF7-EE05-4BB9-9D57-918D8175A99A}"
EndProject
Project("{2150E333-8FDC-42A3-9474-1A3956D46DE8}") = "WCF事务机制(Transaction)", "WCF事务机制(Transaction)", "{C6A7B162-61A4-4C3B-8FF6-D214215939B1}"
EndProject
Project("{FAE04EC0-301F-11D3-BF4B-00C04F79EFBC}") = "Wcf.Transaction.Host", "Wcf.Transaction.Host\Wcf.Transaction.Host.csproj", "{2924B26E-551A-41D2-B257-48F9BD5BEFA1}"
EndProject
Project("{FAE04EC0-301F-11D3-BF4B-00C04F79EFBC}") = "Wcf.Transaction.Service", "Wcf.Transaction.Service\Wcf.Transaction.Service.csproj", "{535DCB96-F0BD-4E63-AD5B-E725C8B9CFE1}"
EndProject
Project("{FAE04EC0-301F-11D3-BF4B-00C04F79EFBC}") = "Wcf.Transaction.Client", "Wcf.Transaction.Client\Wcf.Transaction.Client.csproj", "{D17340F5-B184-41E8-8D61-77A7876C2568}"
EndProject
Project("{2150E333-8FDC-42A3-9474-1A3956D46DE8}") = "WCF_REST一个简单的示例", "WCF_REST一个简单的示例", "{63852CB4-E044-4307-A42A-66AA9E51DF59}"
EndProject
Project("{FAE04EC0-301F-11D3-BF4B-00C04F79EFBC}") = "Wcf.Rest.Model", "Wcf.Rest.Model\Wcf.Rest.Model.csproj", "{D96376EC-801D-4682-96C8-C0886E65EF27}"
EndProject
Project("{FAE04EC0-301F-11D3-BF4B-00C04F79EFBC}") = "Wcf.Rest.Service", "Wcf.Rest.Service\Wcf.Rest.Service.csproj", "{A9C20DD3-7781-47A7-AE86-D97F77D6F781}"
EndProject
Project("{FAE04EC0-301F-11D3-BF4B-00C04F79EFBC}") = "Wcf.Rest.Host", "Wcf.Rest.Host\Wcf.Rest.Host.csproj", "{22B59A8F-EEE8-4ABF-A9F9-4FAAF997CA4D}"
EndProject
Project("{FAE04EC0-301F-11D3-BF4B-00C04F79EFBC}") = "Wcf.Rest.Client", "Wcf.Rest.Client\Wcf.Rest.Client.csproj", "{BAFD2588-1CF7-4244-95C2-21D3B5592B55}"
EndProject
Project("{2150E333-8FDC-42A3-9474-1A3956D46DE8}") = "WCF_WEB_HTTP编程模型之UriTemplate类", "WCF_WEB_HTTP编程模型之UriTemplate类", "{17F7151C-3197-4E87-A91E-45F585226F12}"
EndProject
Project("{FAE04EC0-301F-11D3-BF4B-00C04F79EFBC}") = "Wcf_Web_Http_UriTemplate", "Wcf_Web_Http_UriTemplate\Wcf_Web_Http_UriTemplate.csproj", "{9CF9BEC2-ED26-42AD-BDD0-648553B14C2D}"
EndProject
Project("{2150E333-8FDC-42A3-9474-1A3956D46DE8}") = "创建基本Wcf_Web_Http服务", "创建基本Wcf_Web_Http服务", "{A31E83A5-7F53-4907-B11D-88520345402F}"
EndProject
Project("{FAE04EC0-301F-11D3-BF4B-00C04F79EFBC}") = "Wcf_Web_Http.BasicWebProgramming", "Wcf_Web_Http.BasicWebProgramming\Wcf_Web_Http.BasicWebProgramming.csproj", "{D04B716A-6DC3-4474-87D3-5DF1EB9BF566}"
EndProject
Global
	GlobalSection(SolutionConfigurationPlatforms) = preSolution
		Debug|Any CPU = Debug|Any CPU
		Release|Any CPU = Release|Any CPU
	EndGlobalSection
	GlobalSection(ProjectConfigurationPlatforms) = postSolution
		{FE552B4D-34C7-48DC-8F05-907CB6A57FB3}.Debug|Any CPU.ActiveCfg = Debug|Any CPU
		{FE552B4D-34C7-48DC-8F05-907CB6A57FB3}.Debug|Any CPU.Build.0 = Debug|Any CPU
		{FE552B4D-34C7-48DC-8F05-907CB6A57FB3}.Release|Any CPU.ActiveCfg = Release|Any CPU
		{FE552B4D-34C7-48DC-8F05-907CB6A57FB3}.Release|Any CPU.Build.0 = Release|Any CPU
		{360ACE41-ED56-4F1E-8AE4-7120601086D9}.Debug|Any CPU.ActiveCfg = Debug|Any CPU
		{360ACE41-ED56-4F1E-8AE4-7120601086D9}.Debug|Any CPU.Build.0 = Debug|Any CPU
		{360ACE41-ED56-4F1E-8AE4-7120601086D9}.Release|Any CPU.ActiveCfg = Release|Any CPU
		{360ACE41-ED56-4F1E-8AE4-7120601086D9}.Release|Any CPU.Build.0 = Release|Any CPU
		{887878A4-7432-4986-ACF2-7E3A6C6E7C52}.Debug|Any CPU.ActiveCfg = Debug|Any CPU
		{887878A4-7432-4986-ACF2-7E3A6C6E7C52}.Debug|Any CPU.Build.0 = Debug|Any CPU
		{887878A4-7432-4986-ACF2-7E3A6C6E7C52}.Release|Any CPU.ActiveCfg = Release|Any CPU
		{887878A4-7432-4986-ACF2-7E3A6C6E7C52}.Release|Any CPU.Build.0 = Release|Any CPU
		{15B3E0D2-6217-493A-A690-158C497F5318}.Debug|Any CPU.ActiveCfg = Debug|Any CPU
		{15B3E0D2-6217-493A-A690-158C497F5318}.Debug|Any CPU.Build.0 = Debug|Any CPU
		{15B3E0D2-6217-493A-A690-158C497F5318}.Release|Any CPU.ActiveCfg = Release|Any CPU
		{15B3E0D2-6217-493A-A690-158C497F5318}.Release|Any CPU.Build.0 = Release|Any CPU
		{D7EDD5D9-77AF-47EA-9754-0107C78D3234}.Debug|Any CPU.ActiveCfg = Debug|Any CPU
		{D7EDD5D9-77AF-47EA-9754-0107C78D3234}.Debug|Any CPU.Build.0 = Debug|Any CPU
		{D7EDD5D9-77AF-47EA-9754-0107C78D3234}.Release|Any CPU.ActiveCfg = Release|Any CPU
		{D7EDD5D9-77AF-47EA-9754-0107C78D3234}.Release|Any CPU.Build.0 = Release|Any CPU
		{380BF791-4A64-46B4-8820-F5E62BD56136}.Debug|Any CPU.ActiveCfg = Debug|Any CPU
		{380BF791-4A64-46B4-8820-F5E62BD56136}.Debug|Any CPU.Build.0 = Debug|Any CPU
		{380BF791-4A64-46B4-8820-F5E62BD56136}.Release|Any CPU.ActiveCfg = Release|Any CPU
		{380BF791-4A64-46B4-8820-F5E62BD56136}.Release|Any CPU.Build.0 = Release|Any CPU
		{160E8E43-1F34-416D-B1E8-50D8227AE7FC}.Debug|Any CPU.ActiveCfg = Debug|Any CPU
		{160E8E43-1F34-416D-B1E8-50D8227AE7FC}.Debug|Any CPU.Build.0 = Debug|Any CPU
		{160E8E43-1F34-416D-B1E8-50D8227AE7FC}.Release|Any CPU.ActiveCfg = Release|Any CPU
		{160E8E43-1F34-416D-B1E8-50D8227AE7FC}.Release|Any CPU.Build.0 = Release|Any CPU
		{493537A8-A190-4C9A-AB22-B076FC8EEB16}.Debug|Any CPU.ActiveCfg = Debug|Any CPU
		{493537A8-A190-4C9A-AB22-B076FC8EEB16}.Debug|Any CPU.Build.0 = Debug|Any CPU
		{493537A8-A190-4C9A-AB22-B076FC8EEB16}.Release|Any CPU.ActiveCfg = Release|Any CPU
		{493537A8-A190-4C9A-AB22-B076FC8EEB16}.Release|Any CPU.Build.0 = Release|Any CPU
		{EF81B567-1C23-4B2C-AB81-5FD7CFABD53B}.Debug|Any CPU.ActiveCfg = Debug|Any CPU
		{EF81B567-1C23-4B2C-AB81-5FD7CFABD53B}.Debug|Any CPU.Build.0 = Debug|Any CPU
		{EF81B567-1C23-4B2C-AB81-5FD7CFABD53B}.Release|Any CPU.ActiveCfg = Release|Any CPU
		{EF81B567-1C23-4B2C-AB81-5FD7CFABD53B}.Release|Any CPU.Build.0 = Release|Any CPU
		{3CCD60F5-D0E0-4219-9065-9D20A5C4B4DD}.Debug|Any CPU.ActiveCfg = Debug|Any CPU
		{3CCD60F5-D0E0-4219-9065-9D20A5C4B4DD}.Debug|Any CPU.Build.0 = Debug|Any CPU
		{3CCD60F5-D0E0-4219-9065-9D20A5C4B4DD}.Release|Any CPU.ActiveCfg = Release|Any CPU
		{3CCD60F5-D0E0-4219-9065-9D20A5C4B4DD}.Release|Any CPU.Build.0 = Release|Any CPU
		{C917F4AA-8E2F-443A-9BA2-FE6A900C06AE}.Debug|Any CPU.ActiveCfg = Debug|Any CPU
		{C917F4AA-8E2F-443A-9BA2-FE6A900C06AE}.Debug|Any CPU.Build.0 = Debug|Any CPU
		{C917F4AA-8E2F-443A-9BA2-FE6A900C06AE}.Release|Any CPU.ActiveCfg = Release|Any CPU
		{C917F4AA-8E2F-443A-9BA2-FE6A900C06AE}.Release|Any CPU.Build.0 = Release|Any CPU
		{A72244ED-8A88-484A-817E-1EAEBF9BF344}.Debug|Any CPU.ActiveCfg = Debug|Any CPU
		{A72244ED-8A88-484A-817E-1EAEBF9BF344}.Debug|Any CPU.Build.0 = Debug|Any CPU
		{A72244ED-8A88-484A-817E-1EAEBF9BF344}.Release|Any CPU.ActiveCfg = Release|Any CPU
		{A72244ED-8A88-484A-817E-1EAEBF9BF344}.Release|Any CPU.Build.0 = Release|Any CPU
		{9CEEC721-3DF6-4D67-9985-F9831E4FB326}.Debug|Any CPU.ActiveCfg = Debug|Any CPU
		{9CEEC721-3DF6-4D67-9985-F9831E4FB326}.Debug|Any CPU.Build.0 = Debug|Any CPU
		{9CEEC721-3DF6-4D67-9985-F9831E4FB326}.Release|Any CPU.ActiveCfg = Release|Any CPU
		{9CEEC721-3DF6-4D67-9985-F9831E4FB326}.Release|Any CPU.Build.0 = Release|Any CPU
		{55A9DB7D-F71E-4666-A433-DD4216386EF8}.Debug|Any CPU.ActiveCfg = Debug|Any CPU
		{55A9DB7D-F71E-4666-A433-DD4216386EF8}.Debug|Any CPU.Build.0 = Debug|Any CPU
		{55A9DB7D-F71E-4666-A433-DD4216386EF8}.Release|Any CPU.ActiveCfg = Release|Any CPU
		{55A9DB7D-F71E-4666-A433-DD4216386EF8}.Release|Any CPU.Build.0 = Release|Any CPU
		{289E57C2-9044-478E-AC4F-39519864CB04}.Debug|Any CPU.ActiveCfg = Debug|Any CPU
		{289E57C2-9044-478E-AC4F-39519864CB04}.Debug|Any CPU.Build.0 = Debug|Any CPU
		{289E57C2-9044-478E-AC4F-39519864CB04}.Release|Any CPU.ActiveCfg = Release|Any CPU
		{289E57C2-9044-478E-AC4F-39519864CB04}.Release|Any CPU.Build.0 = Release|Any CPU
		{ECB2906B-4A26-467F-958A-658D0DF9872A}.Debug|Any CPU.ActiveCfg = Debug|Any CPU
		{ECB2906B-4A26-467F-958A-658D0DF9872A}.Debug|Any CPU.Build.0 = Debug|Any CPU
		{ECB2906B-4A26-467F-958A-658D0DF9872A}.Release|Any CPU.ActiveCfg = Release|Any CPU
		{ECB2906B-4A26-467F-958A-658D0DF9872A}.Release|Any CPU.Build.0 = Release|Any CPU
		{71DAFE94-D848-46E0-BFFB-97F6887B4F1E}.Debug|Any CPU.ActiveCfg = Debug|Any CPU
		{71DAFE94-D848-46E0-BFFB-97F6887B4F1E}.Debug|Any CPU.Build.0 = Debug|Any CPU
		{71DAFE94-D848-46E0-BFFB-97F6887B4F1E}.Release|Any CPU.ActiveCfg = Release|Any CPU
		{71DAFE94-D848-46E0-BFFB-97F6887B4F1E}.Release|Any CPU.Build.0 = Release|Any CPU
		{3F95F64D-F3CD-4A84-82D1-5EACC6C374EF}.Debug|Any CPU.ActiveCfg = Debug|Any CPU
		{3F95F64D-F3CD-4A84-82D1-5EACC6C374EF}.Debug|Any CPU.Build.0 = Debug|Any CPU
		{3F95F64D-F3CD-4A84-82D1-5EACC6C374EF}.Release|Any CPU.ActiveCfg = Release|Any CPU
		{3F95F64D-F3CD-4A84-82D1-5EACC6C374EF}.Release|Any CPU.Build.0 = Release|Any CPU
		{D1373DD4-3209-43C7-8031-BA28F8CA0384}.Debug|Any CPU.ActiveCfg = Debug|Any CPU
		{D1373DD4-3209-43C7-8031-BA28F8CA0384}.Debug|Any CPU.Build.0 = Debug|Any CPU
		{D1373DD4-3209-43C7-8031-BA28F8CA0384}.Release|Any CPU.ActiveCfg = Release|Any CPU
		{D1373DD4-3209-43C7-8031-BA28F8CA0384}.Release|Any CPU.Build.0 = Release|Any CPU
		{D309BAA9-A9A2-444D-9D07-B7C2ADF248E4}.Debug|Any CPU.ActiveCfg = Debug|Any CPU
		{D309BAA9-A9A2-444D-9D07-B7C2ADF248E4}.Debug|Any CPU.Build.0 = Debug|Any CPU
		{D309BAA9-A9A2-444D-9D07-B7C2ADF248E4}.Release|Any CPU.ActiveCfg = Release|Any CPU
		{D309BAA9-A9A2-444D-9D07-B7C2ADF248E4}.Release|Any CPU.Build.0 = Release|Any CPU
		{FADFC8E3-11E9-497A-8946-366C5DCAC3A9}.Debug|Any CPU.ActiveCfg = Debug|Any CPU
		{FADFC8E3-11E9-497A-8946-366C5DCAC3A9}.Debug|Any CPU.Build.0 = Debug|Any CPU
		{FADFC8E3-11E9-497A-8946-366C5DCAC3A9}.Release|Any CPU.ActiveCfg = Release|Any CPU
		{FADFC8E3-11E9-497A-8946-366C5DCAC3A9}.Release|Any CPU.Build.0 = Release|Any CPU
		{6CE5868D-6B67-4469-A0E5-A87B4555D8D1}.Debug|Any CPU.ActiveCfg = Debug|Any CPU
		{6CE5868D-6B67-4469-A0E5-A87B4555D8D1}.Debug|Any CPU.Build.0 = Debug|Any CPU
		{6CE5868D-6B67-4469-A0E5-A87B4555D8D1}.Release|Any CPU.ActiveCfg = Release|Any CPU
		{6CE5868D-6B67-4469-A0E5-A87B4555D8D1}.Release|Any CPU.Build.0 = Release|Any CPU
		{FDA152FF-F33D-452D-9E06-BE8F5CB43CF8}.Debug|Any CPU.ActiveCfg = Debug|Any CPU
		{FDA152FF-F33D-452D-9E06-BE8F5CB43CF8}.Debug|Any CPU.Build.0 = Debug|Any CPU
		{FDA152FF-F33D-452D-9E06-BE8F5CB43CF8}.Release|Any CPU.ActiveCfg = Release|Any CPU
		{FDA152FF-F33D-452D-9E06-BE8F5CB43CF8}.Release|Any CPU.Build.0 = Release|Any CPU
		{52BE46E1-7C90-4D3C-A012-4F5577C75B7B}.Debug|Any CPU.ActiveCfg = Debug|Any CPU
		{52BE46E1-7C90-4D3C-A012-4F5577C75B7B}.Debug|Any CPU.Build.0 = Debug|Any CPU
		{52BE46E1-7C90-4D3C-A012-4F5577C75B7B}.Release|Any CPU.ActiveCfg = Release|Any CPU
		{52BE46E1-7C90-4D3C-A012-4F5577C75B7B}.Release|Any CPU.Build.0 = Release|Any CPU
		{CD289EF7-EE05-4BB9-9D57-918D8175A99A}.Debug|Any CPU.ActiveCfg = Debug|Any CPU
		{CD289EF7-EE05-4BB9-9D57-918D8175A99A}.Debug|Any CPU.Build.0 = Debug|Any CPU
		{CD289EF7-EE05-4BB9-9D57-918D8175A99A}.Release|Any CPU.ActiveCfg = Release|Any CPU
		{CD289EF7-EE05-4BB9-9D57-918D8175A99A}.Release|Any CPU.Build.0 = Release|Any CPU
		{2924B26E-551A-41D2-B257-48F9BD5BEFA1}.Debug|Any CPU.ActiveCfg = Debug|Any CPU
		{2924B26E-551A-41D2-B257-48F9BD5BEFA1}.Debug|Any CPU.Build.0 = Debug|Any CPU
		{2924B26E-551A-41D2-B257-48F9BD5BEFA1}.Release|Any CPU.ActiveCfg = Release|Any CPU
		{2924B26E-551A-41D2-B257-48F9BD5BEFA1}.Release|Any CPU.Build.0 = Release|Any CPU
		{535DCB96-F0BD-4E63-AD5B-E725C8B9CFE1}.Debug|Any CPU.ActiveCfg = Debug|Any CPU
		{535DCB96-F0BD-4E63-AD5B-E725C8B9CFE1}.Debug|Any CPU.Build.0 = Debug|Any CPU
		{535DCB96-F0BD-4E63-AD5B-E725C8B9CFE1}.Release|Any CPU.ActiveCfg = Release|Any CPU
		{535DCB96-F0BD-4E63-AD5B-E725C8B9CFE1}.Release|Any CPU.Build.0 = Release|Any CPU
		{D17340F5-B184-41E8-8D61-77A7876C2568}.Debug|Any CPU.ActiveCfg = Debug|Any CPU
		{D17340F5-B184-41E8-8D61-77A7876C2568}.Debug|Any CPU.Build.0 = Debug|Any CPU
		{D17340F5-B184-41E8-8D61-77A7876C2568}.Release|Any CPU.ActiveCfg = Release|Any CPU
		{D17340F5-B184-41E8-8D61-77A7876C2568}.Release|Any CPU.Build.0 = Release|Any CPU
		{D96376EC-801D-4682-96C8-C0886E65EF27}.Debug|Any CPU.ActiveCfg = Debug|Any CPU
		{D96376EC-801D-4682-96C8-C0886E65EF27}.Debug|Any CPU.Build.0 = Debug|Any CPU
		{D96376EC-801D-4682-96C8-C0886E65EF27}.Release|Any CPU.ActiveCfg = Release|Any CPU
		{D96376EC-801D-4682-96C8-C0886E65EF27}.Release|Any CPU.Build.0 = Release|Any CPU
		{A9C20DD3-7781-47A7-AE86-D97F77D6F781}.Debug|Any CPU.ActiveCfg = Debug|Any CPU
		{A9C20DD3-7781-47A7-AE86-D97F77D6F781}.Debug|Any CPU.Build.0 = Debug|Any CPU
		{A9C20DD3-7781-47A7-AE86-D97F77D6F781}.Release|Any CPU.ActiveCfg = Release|Any CPU
		{A9C20DD3-7781-47A7-AE86-D97F77D6F781}.Release|Any CPU.Build.0 = Release|Any CPU
		{22B59A8F-EEE8-4ABF-A9F9-4FAAF997CA4D}.Debug|Any CPU.ActiveCfg = Debug|Any CPU
		{22B59A8F-EEE8-4ABF-A9F9-4FAAF997CA4D}.Debug|Any CPU.Build.0 = Debug|Any CPU
		{22B59A8F-EEE8-4ABF-A9F9-4FAAF997CA4D}.Release|Any CPU.ActiveCfg = Release|Any CPU
		{22B59A8F-EEE8-4ABF-A9F9-4FAAF997CA4D}.Release|Any CPU.Build.0 = Release|Any CPU
		{BAFD2588-1CF7-4244-95C2-21D3B5592B55}.Debug|Any CPU.ActiveCfg = Debug|Any CPU
		{BAFD2588-1CF7-4244-95C2-21D3B5592B55}.Debug|Any CPU.Build.0 = Debug|Any CPU
		{BAFD2588-1CF7-4244-95C2-21D3B5592B55}.Release|Any CPU.ActiveCfg = Release|Any CPU
		{BAFD2588-1CF7-4244-95C2-21D3B5592B55}.Release|Any CPU.Build.0 = Release|Any CPU
		{9CF9BEC2-ED26-42AD-BDD0-648553B14C2D}.Debug|Any CPU.ActiveCfg = Debug|Any CPU
		{9CF9BEC2-ED26-42AD-BDD0-648553B14C2D}.Debug|Any CPU.Build.0 = Debug|Any CPU
		{9CF9BEC2-ED26-42AD-BDD0-648553B14C2D}.Release|Any CPU.ActiveCfg = Release|Any CPU
		{9CF9BEC2-ED26-42AD-BDD0-648553B14C2D}.Release|Any CPU.Build.0 = Release|Any CPU
		{D04B716A-6DC3-4474-87D3-5DF1EB9BF566}.Debug|Any CPU.ActiveCfg = Debug|Any CPU
		{D04B716A-6DC3-4474-87D3-5DF1EB9BF566}.Debug|Any CPU.Build.0 = Debug|Any CPU
		{D04B716A-6DC3-4474-87D3-5DF1EB9BF566}.Release|Any CPU.ActiveCfg = Release|Any CPU
		{D04B716A-6DC3-4474-87D3-5DF1EB9BF566}.Release|Any CPU.Build.0 = Release|Any CPU
	EndGlobalSection
	GlobalSection(SolutionProperties) = preSolution
		HideSolutionNode = FALSE
	EndGlobalSection
	GlobalSection(NestedProjects) = preSolution
		{FE552B4D-34C7-48DC-8F05-907CB6A57FB3} = {D47C9620-105F-4C16-9BF6-191EB97A991D}
		{360ACE41-ED56-4F1E-8AE4-7120601086D9} = {D47C9620-105F-4C16-9BF6-191EB97A991D}
		{887878A4-7432-4986-ACF2-7E3A6C6E7C52} = {D47C9620-105F-4C16-9BF6-191EB97A991D}
		{15B3E0D2-6217-493A-A690-158C497F5318} = {B1DC99A6-52B4-412F-9186-EAA657CEC4A3}
		{D7EDD5D9-77AF-47EA-9754-0107C78D3234} = {B1DC99A6-52B4-412F-9186-EAA657CEC4A3}
		{380BF791-4A64-46B4-8820-F5E62BD56136} = {B1DC99A6-52B4-412F-9186-EAA657CEC4A3}
		{160E8E43-1F34-416D-B1E8-50D8227AE7FC} = {781F7920-6EBE-4158-ABAA-E173EF50536C}
		{493537A8-A190-4C9A-AB22-B076FC8EEB16} = {D61954F1-FFA3-42B2-972D-3B5B913D4DD0}
		{EF81B567-1C23-4B2C-AB81-5FD7CFABD53B} = {D61954F1-FFA3-42B2-972D-3B5B913D4DD0}
		{3CCD60F5-D0E0-4219-9065-9D20A5C4B4DD} = {D61954F1-FFA3-42B2-972D-3B5B913D4DD0}
		{C917F4AA-8E2F-443A-9BA2-FE6A900C06AE} = {38152208-7466-4DE5-AECD-45B2A5602522}
		{A72244ED-8A88-484A-817E-1EAEBF9BF344} = {38152208-7466-4DE5-AECD-45B2A5602522}
		{9CEEC721-3DF6-4D67-9985-F9831E4FB326} = {38152208-7466-4DE5-AECD-45B2A5602522}
		{55A9DB7D-F71E-4666-A433-DD4216386EF8} = {091BE551-3133-4BEA-BA6A-0832AFFFC2A5}
		{289E57C2-9044-478E-AC4F-39519864CB04} = {091BE551-3133-4BEA-BA6A-0832AFFFC2A5}
		{ECB2906B-4A26-467F-958A-658D0DF9872A} = {091BE551-3133-4BEA-BA6A-0832AFFFC2A5}
		{71DAFE94-D848-46E0-BFFB-97F6887B4F1E} = {0CD1FB8B-2701-4834-BD7B-7D3F16F1AC7D}
		{3F95F64D-F3CD-4A84-82D1-5EACC6C374EF} = {0CD1FB8B-2701-4834-BD7B-7D3F16F1AC7D}
		{D1373DD4-3209-43C7-8031-BA28F8CA0384} = {0CD1FB8B-2701-4834-BD7B-7D3F16F1AC7D}
		{D309BAA9-A9A2-444D-9D07-B7C2ADF248E4} = {442F5722-666E-4596-BC24-4CBE2848B438}
		{FADFC8E3-11E9-497A-8946-366C5DCAC3A9} = {442F5722-666E-4596-BC24-4CBE2848B438}
		{6CE5868D-6B67-4469-A0E5-A87B4555D8D1} = {442F5722-666E-4596-BC24-4CBE2848B438}
		{FDA152FF-F33D-452D-9E06-BE8F5CB43CF8} = {C8479509-2DAE-4332-921F-31AA9B3F9676}
		{52BE46E1-7C90-4D3C-A012-4F5577C75B7B} = {C8479509-2DAE-4332-921F-31AA9B3F9676}
		{CD289EF7-EE05-4BB9-9D57-918D8175A99A} = {C8479509-2DAE-4332-921F-31AA9B3F9676}
		{2924B26E-551A-41D2-B257-48F9BD5BEFA1} = {C6A7B162-61A4-4C3B-8FF6-D214215939B1}
		{535DCB96-F0BD-4E63-AD5B-E725C8B9CFE1} = {C6A7B162-61A4-4C3B-8FF6-D214215939B1}
		{D17340F5-B184-41E8-8D61-77A7876C2568} = {C6A7B162-61A4-4C3B-8FF6-D214215939B1}
		{D96376EC-801D-4682-96C8-C0886E65EF27} = {63852CB4-E044-4307-A42A-66AA9E51DF59}
		{A9C20DD3-7781-47A7-AE86-D97F77D6F781} = {63852CB4-E044-4307-A42A-66AA9E51DF59}
		{22B59A8F-EEE8-4ABF-A9F9-4FAAF997CA4D} = {63852CB4-E044-4307-A42A-66AA9E51DF59}
		{BAFD2588-1CF7-4244-95C2-21D3B5592B55} = {63852CB4-E044-4307-A42A-66AA9E51DF59}
		{9CF9BEC2-ED26-42AD-BDD0-648553B14C2D} = {17F7151C-3197-4E87-A91E-45F585226F12}
		{D04B716A-6DC3-4474-87D3-5DF1EB9BF566} = {A31E83A5-7F53-4907-B11D-88520345402F}
	EndGlobalSection
EndGlobal
